{
  "name": "vue-ts-tsx-component-demo",
  "version": "0.1.0",
  "lockfileVersion": 1,
  "requires": true,
  "dependencies": {
    "doctrine": {
      "version": "0.7.2",
      "resolved": "https://registry.npmjs.org/doctrine/-/doctrine-0.7.2.tgz",
      "integrity": "sha1-fLhgNZujvpDgQLJrcpzkv6ZUxSM=",
      "dev": true,
      "requires": {
        "esutils": "1.1.6",
        "isarray": "0.0.1"
      }
    },
    "esutils": {
      "version": "1.1.6",
      "resolved": "https://registry.npmjs.org/esutils/-/esutils-1.1.6.tgz",
      "integrity": "sha1-wBzKqa5LiXxtDD4hCuUvPHqEQ3U=",
      "dev": true
    },
    "isarray": {
      "version": "0.0.1",
      "resolved": "https://registry.npmjs.org/isarray/-/isarray-0.0.1.tgz",
      "integrity": "sha1-ihis/Kmo9Bd+Cav8YDiTmwXR7t8=",
      "dev": true
    },
    "tslib": {
      "version": "1.9.0",
      "resolved": "https://registry.npmjs.org/tslib/-/tslib-1.9.0.tgz",
      "integrity": "sha512-f/qGG2tUkrISBlQZEjEqoZ3B2+npJjIf04H1wuAv9iA8i04Icp+61KRXxFdha22670NJopsZCIjhC3SnjPRKrQ==",
      "dev": true
    },
    "tslint-config-alloy": {
      "version": "0.2.1",
      "resolved": "https://registry.npmjs.org/tslint-config-alloy/-/tslint-config-alloy-0.2.1.tgz",
      "integrity": "sha512-OsGy5EqNN8KeW+dF4QhAQL/dqFCs/JnsYh65sjBMPWT/2zkGaMRyFp50Xf15P3sgaQZCX+qGsYs3+uDCpeV8fA==",
      "dev": true
    },
    "tslint-eslint-rules": {
      "version": "5.4.0",
      "resolved": "https://registry.npmjs.org/tslint-eslint-rules/-/tslint-eslint-rules-5.4.0.tgz",
      "integrity": "sha512-WlSXE+J2vY/VPgIcqQuijMQiel+UtmXS+4nvK4ZzlDiqBfXse8FAvkNnTcYhnQyOTW5KFM+uRRGXxYhFpuBc6w==",
      "dev": true,
      "requires": {
        "doctrine": "0.7.2",
        "tslib": "1.9.0",
        "tsutils": "3.7.0"
      }
    },
    "tsutils": {
      "version": "3.7.0",
      "resolved": "https://registry.npmjs.org/tsutils/-/tsutils-3.7.0.tgz",
      "integrity": "sha512-n+e+3q7Jx2kfZw7tjfI9axEIWBY0sFMOlC+1K70X0SeXpO/UYSB+PN+E9tIJNqViB7oiXQdqD7dNchnvoneZew==",
      "dev": true,
      "requires": {
        "tslib": "1.9.0"
      }
    }
  }
}
